
Microsoft Visual Studio Solution File, Format Version 12.00
Project("{FAE04EC0-301F-11D3-BF4B-00C04F79EFBC}") = "LowLevelCustomItemsAPI", "LowLevelCustomItemsAPI\LowLevelCustomItemsAPI.csproj", "{D11552DF-A218-4E4F-98A8-A98E12078F69}"
EndProject
Project("{FAE04EC0-301F-11D3-BF4B-00C04F79EFBC}") = "Examples", "Examples\Examples.csproj", "{77A51040-DCA0-4FAB-BB6A-07BA74E1CCA0}"
EndProject
Global
	GlobalSection(SolutionConfigurationPlatforms) = preSolution
		Debug|Any CPU = Debug|Any CPU
		Release|Any CPU = Release|Any CPU
		EXILED|Any CPU = EXILED|Any CPU
		Release-NoCommands|Any CPU = Release-NoCommands|Any CPU
		EXILED-NoCommands|Any CPU = EXILED-NoCommands|Any CPU
	EndGlobalSection
	GlobalSection(ProjectConfigurationPlatforms) = postSolution
		{D11552DF-A218-4E4F-98A8-A98E12078F69}.Debug|Any CPU.ActiveCfg = Debug|AnyCPU
		{D11552DF-A218-4E4F-98A8-A98E12078F69}.Debug|Any CPU.Build.0 = Debug|AnyCPU
		{D11552DF-A218-4E4F-98A8-A98E12078F69}.Release|Any CPU.ActiveCfg = Release|AnyCPU
		{D11552DF-A218-4E4F-98A8-A98E12078F69}.Release|Any CPU.Build.0 = Release|AnyCPU
		{D11552DF-A218-4E4F-98A8-A98E12078F69}.EXILED|Any CPU.ActiveCfg = EXILED|AnyCPU
		{D11552DF-A218-4E4F-98A8-A98E12078F69}.EXILED|Any CPU.Build.0 = EXILED|AnyCPU
		{D11552DF-A218-4E4F-98A8-A98E12078F69}.Release-NoCommands|Any CPU.ActiveCfg = Release-NoCommands|AnyCPU
		{D11552DF-A218-4E4F-98A8-A98E12078F69}.Release-NoCommands|Any CPU.Build.0 = Release-NoCommands|AnyCPU
		{D11552DF-A218-4E4F-98A8-A98E12078F69}.EXILED-NoCommands|Any CPU.ActiveCfg = EXILED-NoCommands|AnyCPU
		{D11552DF-A218-4E4F-98A8-A98E12078F69}.EXILED-NoCommands|Any CPU.Build.0 = EXILED-NoCommands|AnyCPU
		{77A51040-DCA0-4FAB-BB6A-07BA74E1CCA0}.Debug|Any CPU.ActiveCfg = Debug|AnyCPU
		{77A51040-DCA0-4FAB-BB6A-07BA74E1CCA0}.Debug|Any CPU.Build.0 = Debug|AnyCPU
		{77A51040-DCA0-4FAB-BB6A-07BA74E1CCA0}.Release|Any CPU.ActiveCfg = Release|AnyCPU
		{77A51040-DCA0-4FAB-BB6A-07BA74E1CCA0}.Release|Any CPU.Build.0 = Release|AnyCPU
		{77A51040-DCA0-4FAB-BB6A-07BA74E1CCA0}.EXILED|Any CPU.ActiveCfg = EXILED|AnyCPU
		{77A51040-DCA0-4FAB-BB6A-07BA74E1CCA0}.EXILED|Any CPU.Build.0 = EXILED|AnyCPU
		{77A51040-DCA0-4FAB-BB6A-07BA74E1CCA0}.Release-NoCommands|Any CPU.ActiveCfg = Release-NoCommands|AnyCPU
		{77A51040-DCA0-4FAB-BB6A-07BA74E1CCA0}.Release-NoCommands|Any CPU.Build.0 = Release-NoCommands|AnyCPU
		{77A51040-DCA0-4FAB-BB6A-07BA74E1CCA0}.EXILED-NoCommands|Any CPU.ActiveCfg = EXILED-NoCommands|AnyCPU
		{77A51040-DCA0-4FAB-BB6A-07BA74E1CCA0}.EXILED-NoCommands|Any CPU.Build.0 = EXILED-NoCommands|AnyCPU
	EndGlobalSection
EndGlobal
